
Microsoft Visual Studio Solution File, Format Version 12.00
# Visual Studio Version 16
VisualStudioVersion = 16.0.31105.61
MinimumVisualStudioVersion = 10.0.40219.1
Project("{9A19103F-16F7-4668-BE54-9A1E7A4F7556}") = "Fabian.Domurad.Golden.Card.Research.API", "Fabian.Domurad.Goldern.Card.Research.API\Fabian.Domurad.Golden.Card.Research.API.csproj", "{619EE980-FAFB-44A2-BDB9-30BEAFC1EC54}"
EndProject
Project("{9A19103F-16F7-4668-BE54-9A1E7A4F7556}") = "Fabian.Domurad.Golden.Card.Research.BL", "Fabian.Domurad.Goldern.Card.Research.BL\Fabian.Domurad.Golden.Card.Research.BL.csproj", "{5EB2D7F2-A67B-4138-B2FB-C382DC4AA069}"
EndProject
Project("{9A19103F-16F7-4668-BE54-9A1E7A4F7556}") = "Fabian.Domurad.Golden.Card.Research.Data", "Fabian.Domurad.Goldern.Card.Research.Data\Fabian.Domurad.Golden.Card.Research.Data.csproj", "{24ABCAC3-EBCE-49DD-8C83-28908D08EA0E}"
EndProject
Project("{9A19103F-16F7-4668-BE54-9A1E7A4F7556}") = "Fabian.Domurad.Golden.Card.Research.Shared", "Fabian.Domurad.Goldern.Card.Research.Shared\Fabian.Domurad.Golden.Card.Research.Shared.csproj", "{67BE00FB-39BE-4552-99A1-7848A15EC112}"
EndProject
Global
	GlobalSection(SolutionConfigurationPlatforms) = preSolution
		Debug|Any CPU = Debug|Any CPU
		Release|Any CPU = Release|Any CPU
	EndGlobalSection
	GlobalSection(ProjectConfigurationPlatforms) = postSolution
		{619EE980-FAFB-44A2-BDB9-30BEAFC1EC54}.Debug|Any CPU.ActiveCfg = Debug|Any CPU
		{619EE980-FAFB-44A2-BDB9-30BEAFC1EC54}.Debug|Any CPU.Build.0 = Debug|Any CPU
		{619EE980-FAFB-44A2-BDB9-30BEAFC1EC54}.Release|Any CPU.ActiveCfg = Release|Any CPU
		{619EE980-FAFB-44A2-BDB9-30BEAFC1EC54}.Release|Any CPU.Build.0 = Release|Any CPU
		{5EB2D7F2-A67B-4138-B2FB-C382DC4AA069}.Debug|Any CPU.ActiveCfg = Debug|Any CPU
		{5EB2D7F2-A67B-4138-B2FB-C382DC4AA069}.Debug|Any CPU.Build.0 = Debug|Any CPU
		{5EB2D7F2-A67B-4138-B2FB-C382DC4AA069}.Release|Any CPU.ActiveCfg = Release|Any CPU
		{5EB2D7F2-A67B-4138-B2FB-C382DC4AA069}.Release|Any CPU.Build.0 = Release|Any CPU
		{24ABCAC3-EBCE-49DD-8C83-28908D08EA0E}.Debug|Any CPU.ActiveCfg = Debug|Any CPU
		{24ABCAC3-EBCE-49DD-8C83-28908D08EA0E}.Debug|Any CPU.Build.0 = Debug|Any CPU
		{24ABCAC3-EBCE-49DD-8C83-28908D08EA0E}.Release|Any CPU.ActiveCfg = Release|Any CPU
		{24ABCAC3-EBCE-49DD-8C83-28908D08EA0E}.Release|Any CPU.Build.0 = Release|Any CPU
		{67BE00FB-39BE-4552-99A1-7848A15EC112}.Debug|Any CPU.ActiveCfg = Debug|Any CPU
		{67BE00FB-39BE-4552-99A1-7848A15EC112}.Debug|Any CPU.Build.0 = Debug|Any CPU
		{67BE00FB-39BE-4552-99A1-7848A15EC112}.Release|Any CPU.ActiveCfg = Release|Any CPU
		{67BE00FB-39BE-4552-99A1-7848A15EC112}.Release|Any CPU.Build.0 = Release|Any CPU
	EndGlobalSection
	GlobalSection(SolutionProperties) = preSolution
		HideSolutionNode = FALSE
	EndGlobalSection
	GlobalSection(ExtensibilityGlobals) = postSolution
		SolutionGuid = {01EF2D07-A59F-465D-940C-D27E22B986F9}
	EndGlobalSection
EndGlobal
